
Microsoft Visual Studio Solution File, Format Version 12.00
# Visual Studio Version 17
VisualStudioVersion = 17.14.36401.2 d17.14
MinimumVisualStudioVersion = 10.0.40219.1
Project("{2150E333-8FDC-42A3-9474-1A3956D46DE8}") = "Enterprise Business Rules", "Enterprise Business Rules", "{02EA681E-C7D8-13C7-8484-4AC65E1B71E8}"
EndProject
Project("{FAE04EC0-301F-11D3-BF4B-00C04F79EFBC}") = "SegurosNET8_Clean.Entities", "SegurosNET8_Clean.Entities\SegurosNET8_Clean.Entities.csproj", "{9F1B2837-5066-4141-BCC9-8AD7A4638960}"
EndProject
Project("{2150E333-8FDC-42A3-9474-1A3956D46DE8}") = "Interfaces Adapters", "Interfaces Adapters", "{3B385351-874E-4686-80EA-7965C0565C26}"
EndProject
Project("{2150E333-8FDC-42A3-9474-1A3956D46DE8}") = "Gateways", "Gateways", "{483E1AE2-60D3-4D13-965E-05C4A89B48BA}"
EndProject
Project("{FAE04EC0-301F-11D3-BF4B-00C04F79EFBC}") = "SegurosNET8_Clean.RepositoryEFCore", "SegurosNET8_Clean.RepositoryEFCore\SegurosNET8_Clean.RepositoryEFCore.csproj", "{983F3188-DDBE-46DE-B97E-6F8D391CC357}"
EndProject
Project("{2150E333-8FDC-42A3-9474-1A3956D46DE8}") = "Application Business  Rules", "Application Business  Rules", "{44C58EF9-9ADD-4461-ADC5-5D378C56D285}"
EndProject
Project("{FAE04EC0-301F-11D3-BF4B-00C04F79EFBC}") = "SegurosNET8_Clean.DTOs", "SegurosNET8_Clean.DTOs\SegurosNET8_Clean.DTOs.csproj", "{EBC44456-C55B-406C-BF1B-3A2EAAE166E6}"
EndProject
Project("{FAE04EC0-301F-11D3-BF4B-00C04F79EFBC}") = "SegurosNET8_Clean.UseCasePorts", "SegurosNET8_Clean.UseCasePorts\SegurosNET8_Clean.UseCasePorts.csproj", "{CA1EAB2D-E47C-4984-874A-4BE9E20FDDBF}"
EndProject
Project("{FAE04EC0-301F-11D3-BF4B-00C04F79EFBC}") = "SegurosNET8_Clean.UseCase", "SegurosNET8_Clean.UseCase\SegurosNET8_Clean.UseCase.csproj", "{4CDD11D6-112A-4BDA-A2B5-A04728070B73}"
EndProject
Project("{2150E333-8FDC-42A3-9474-1A3956D46DE8}") = "Presenters", "Presenters", "{2B2DA8E4-BCD0-4639-AA81-E2EBA4B3D7E8}"
EndProject
Project("{FAE04EC0-301F-11D3-BF4B-00C04F79EFBC}") = "SegurosNET8_Clean.Presenters", "SegurosNET8_Clean.Presenters\SegurosNET8_Clean.Presenters.csproj", "{0EE6ECDF-AE71-48E6-92F8-A439E94EEF58}"
EndProject
Project("{2150E333-8FDC-42A3-9474-1A3956D46DE8}") = "Controllers", "Controllers", "{49923DCA-D73C-4A70-9112-E06F88850BFE}"
EndProject
Project("{FAE04EC0-301F-11D3-BF4B-00C04F79EFBC}") = "SegurosNET8_Clean.Controllers", "SegurosNET8_Clean.Controllers\SegurosNET8_Clean.Controllers.csproj", "{A81DD3D2-8D73-497D-96EF-E3950C72B284}"
EndProject
Project("{2150E333-8FDC-42A3-9474-1A3956D46DE8}") = "Frameworks and Drivers", "Frameworks and Drivers", "{983AFAB5-C54E-41F0-B941-D4DCDD0E7002}"
EndProject
Project("{2150E333-8FDC-42A3-9474-1A3956D46DE8}") = "UIs", "UIs", "{11E41E18-BDED-48CC-A8EB-E1F4165BBEBD}"
EndProject
Project("{FAE04EC0-301F-11D3-BF4B-00C04F79EFBC}") = "SegurosNET8_Clean.API", "SegurosNET8_Clean.API\SegurosNET8_Clean.API.csproj", "{B6CBD49C-50FD-4DEF-B582-BD19E61D7EF8}"
EndProject
Project("{FAE04EC0-301F-11D3-BF4B-00C04F79EFBC}") = "SegurosNET8_Clean.IoC", "SegurosNET8_Clean.IoC\SegurosNET8_Clean.IoC.csproj", "{DC338D93-E9AB-4FD2-9DB6-50159C45F8DB}"
EndProject
Global
	GlobalSection(SolutionConfigurationPlatforms) = preSolution
		Debug|Any CPU = Debug|Any CPU
		Release|Any CPU = Release|Any CPU
	EndGlobalSection
	GlobalSection(ProjectConfigurationPlatforms) = postSolution
		{9F1B2837-5066-4141-BCC9-8AD7A4638960}.Debug|Any CPU.ActiveCfg = Debug|Any CPU
		{9F1B2837-5066-4141-BCC9-8AD7A4638960}.Debug|Any CPU.Build.0 = Debug|Any CPU
		{9F1B2837-5066-4141-BCC9-8AD7A4638960}.Release|Any CPU.ActiveCfg = Release|Any CPU
		{9F1B2837-5066-4141-BCC9-8AD7A4638960}.Release|Any CPU.Build.0 = Release|Any CPU
		{983F3188-DDBE-46DE-B97E-6F8D391CC357}.Debug|Any CPU.ActiveCfg = Debug|Any CPU
		{983F3188-DDBE-46DE-B97E-6F8D391CC357}.Debug|Any CPU.Build.0 = Debug|Any CPU
		{983F3188-DDBE-46DE-B97E-6F8D391CC357}.Release|Any CPU.ActiveCfg = Release|Any CPU
		{983F3188-DDBE-46DE-B97E-6F8D391CC357}.Release|Any CPU.Build.0 = Release|Any CPU
		{EBC44456-C55B-406C-BF1B-3A2EAAE166E6}.Debug|Any CPU.ActiveCfg = Debug|Any CPU
		{EBC44456-C55B-406C-BF1B-3A2EAAE166E6}.Debug|Any CPU.Build.0 = Debug|Any CPU
		{EBC44456-C55B-406C-BF1B-3A2EAAE166E6}.Release|Any CPU.ActiveCfg = Release|Any CPU
		{EBC44456-C55B-406C-BF1B-3A2EAAE166E6}.Release|Any CPU.Build.0 = Release|Any CPU
		{CA1EAB2D-E47C-4984-874A-4BE9E20FDDBF}.Debug|Any CPU.ActiveCfg = Debug|Any CPU
		{CA1EAB2D-E47C-4984-874A-4BE9E20FDDBF}.Debug|Any CPU.Build.0 = Debug|Any CPU
		{CA1EAB2D-E47C-4984-874A-4BE9E20FDDBF}.Release|Any CPU.ActiveCfg = Release|Any CPU
		{CA1EAB2D-E47C-4984-874A-4BE9E20FDDBF}.Release|Any CPU.Build.0 = Release|Any CPU
		{4CDD11D6-112A-4BDA-A2B5-A04728070B73}.Debug|Any CPU.ActiveCfg = Debug|Any CPU
		{4CDD11D6-112A-4BDA-A2B5-A04728070B73}.Debug|Any CPU.Build.0 = Debug|Any CPU
		{4CDD11D6-112A-4BDA-A2B5-A04728070B73}.Release|Any CPU.ActiveCfg = Release|Any CPU
		{4CDD11D6-112A-4BDA-A2B5-A04728070B73}.Release|Any CPU.Build.0 = Release|Any CPU
		{0EE6ECDF-AE71-48E6-92F8-A439E94EEF58}.Debug|Any CPU.ActiveCfg = Debug|Any CPU
		{0EE6ECDF-AE71-48E6-92F8-A439E94EEF58}.Debug|Any CPU.Build.0 = Debug|Any CPU
		{0EE6ECDF-AE71-48E6-92F8-A439E94EEF58}.Release|Any CPU.ActiveCfg = Release|Any CPU
		{0EE6ECDF-AE71-48E6-92F8-A439E94EEF58}.Release|Any CPU.Build.0 = Release|Any CPU
		{A81DD3D2-8D73-497D-96EF-E3950C72B284}.Debug|Any CPU.ActiveCfg = Debug|Any CPU
		{A81DD3D2-8D73-497D-96EF-E3950C72B284}.Debug|Any CPU.Build.0 = Debug|Any CPU
		{A81DD3D2-8D73-497D-96EF-E3950C72B284}.Release|Any CPU.ActiveCfg = Release|Any CPU
		{A81DD3D2-8D73-497D-96EF-E3950C72B284}.Release|Any CPU.Build.0 = Release|Any CPU
		{B6CBD49C-50FD-4DEF-B582-BD19E61D7EF8}.Debug|Any CPU.ActiveCfg = Debug|Any CPU
		{B6CBD49C-50FD-4DEF-B582-BD19E61D7EF8}.Debug|Any CPU.Build.0 = Debug|Any CPU
		{B6CBD49C-50FD-4DEF-B582-BD19E61D7EF8}.Release|Any CPU.ActiveCfg = Release|Any CPU
		{B6CBD49C-50FD-4DEF-B582-BD19E61D7EF8}.Release|Any CPU.Build.0 = Release|Any CPU
		{DC338D93-E9AB-4FD2-9DB6-50159C45F8DB}.Debug|Any CPU.ActiveCfg = Debug|Any CPU
		{DC338D93-E9AB-4FD2-9DB6-50159C45F8DB}.Debug|Any CPU.Build.0 = Debug|Any CPU
		{DC338D93-E9AB-4FD2-9DB6-50159C45F8DB}.Release|Any CPU.ActiveCfg = Release|Any CPU
		{DC338D93-E9AB-4FD2-9DB6-50159C45F8DB}.Release|Any CPU.Build.0 = Release|Any CPU
	EndGlobalSection
	GlobalSection(SolutionProperties) = preSolution
		HideSolutionNode = FALSE
	EndGlobalSection
	GlobalSection(NestedProjects) = preSolution
		{9F1B2837-5066-4141-BCC9-8AD7A4638960} = {02EA681E-C7D8-13C7-8484-4AC65E1B71E8}
		{483E1AE2-60D3-4D13-965E-05C4A89B48BA} = {3B385351-874E-4686-80EA-7965C0565C26}
		{983F3188-DDBE-46DE-B97E-6F8D391CC357} = {483E1AE2-60D3-4D13-965E-05C4A89B48BA}
		{EBC44456-C55B-406C-BF1B-3A2EAAE166E6} = {44C58EF9-9ADD-4461-ADC5-5D378C56D285}
		{CA1EAB2D-E47C-4984-874A-4BE9E20FDDBF} = {44C58EF9-9ADD-4461-ADC5-5D378C56D285}
		{4CDD11D6-112A-4BDA-A2B5-A04728070B73} = {44C58EF9-9ADD-4461-ADC5-5D378C56D285}
		{2B2DA8E4-BCD0-4639-AA81-E2EBA4B3D7E8} = {3B385351-874E-4686-80EA-7965C0565C26}
		{0EE6ECDF-AE71-48E6-92F8-A439E94EEF58} = {2B2DA8E4-BCD0-4639-AA81-E2EBA4B3D7E8}
		{49923DCA-D73C-4A70-9112-E06F88850BFE} = {3B385351-874E-4686-80EA-7965C0565C26}
		{A81DD3D2-8D73-497D-96EF-E3950C72B284} = {49923DCA-D73C-4A70-9112-E06F88850BFE}
		{11E41E18-BDED-48CC-A8EB-E1F4165BBEBD} = {983AFAB5-C54E-41F0-B941-D4DCDD0E7002}
		{B6CBD49C-50FD-4DEF-B582-BD19E61D7EF8} = {11E41E18-BDED-48CC-A8EB-E1F4165BBEBD}
		{DC338D93-E9AB-4FD2-9DB6-50159C45F8DB} = {483E1AE2-60D3-4D13-965E-05C4A89B48BA}
	EndGlobalSection
	GlobalSection(ExtensibilityGlobals) = postSolution
		SolutionGuid = {D54A742D-477F-40BB-AD1B-7CDB5E245413}
	EndGlobalSection
EndGlobal
